// !$*UTF8*$!
{
	archiveVersion = 1;
	classes = {
	};
	objectVersion = 46;
	objects = {

/* Begin PBXBuildFile section */
		CEDD9E991EF368B200764ADE /* main.swift in Sources */ = {isa = PBXBuildFile; fileRef = CEDD9E981EF368B200764ADE /* main.swift */; };
		CEDD9EA01EF370C300764ADE /* MyClasses.swift in Sources */ = {isa = PBXBuildFile; fileRef = CEDD9E9F1EF370C300764ADE /* MyClasses.swift */; };
		CEDD9EA21EF370F300764ADE /* MyYuJia.swift in Sources */ = {isa = PBXBuildFile; fileRef = CEDD9EA11EF370F300764ADE /* MyYuJia.swift */; };
/* End PBXBuildFile section */

/* Begin PBXCopyFilesBuildPhase section */
		CEDD9E931EF368B200764ADE /* CopyFiles */ = {
			isa = PBXCopyFilesBuildPhase;
			buildActionMask = 2147483647;
			dstPath = /usr/share/man/man1/;
			dstSubfolderSpec = 0;
			files = (
			);
			runOnlyForDeploymentPostprocessing = 1;
		};
/* End PBXCopyFilesBuildPhase section */

/* Begin PBXFileReference section */
		CEDD9E951EF368B200764ADE /* YuJia08 */ = {isa = PBXFileReference; explicitFileType = "compiled.mach-o.executable"; includeInIndex = 0; path = YuJia08; sourceTree = BUILT_PRODUCTS_DIR; };
		CEDD9E981EF368B200764ADE /* main.swift */ = {isa = PBXFileReference; lastKnownFileType = sourcecode.swift; path = main.swift; sourceTree = "<group>"; };
		CEDD9E9F1EF370C300764ADE /* MyClasses.swift */ = {isa = PBXFileReference; fileEncoding = 4; lastKnownFileType = sourcecode.swift; path = MyClasses.swift; sourceTree = "<group>"; };
		CEDD9EA11EF370F300764ADE /* MyYuJia.swift */ = {isa = PBXFileReference; fileEncoding = 4; lastKnownFileType = sourcecode.swift; path = MyYuJia.swift; sourceTree = "<group>"; };
/* End PBXFileReference section */

/* Begin PBXFrameworksBuildPhase section */
		CEDD9E921EF368B200764ADE /* Frameworks */ = {
			isa = PBXFrameworksBuildPhase;
			buildActionMask = 2147483647;
			files = (
			);
			runOnlyForDeploymentPostprocessing = 0;
		};
/* End PBXFrameworksBuildPhase section */

/* Begin PBXGroup section */
		CEDD9E8C1EF368B100764ADE = {
			isa = PBXGroup;
			children = (
				CEDD9E971EF368B200764ADE /* YuJia08 */,
				CEDD9E961EF368B200764ADE /* Products */,
			);
			sourceTree = "<group>";
		};
		CEDD9E961EF368B200764ADE /* Products */ = {
			isa = PBXGroup;
			children = (
				CEDD9E951EF368B200764ADE /* YuJia08 */,
			);
			name = Products;
			sourceTree = "<group>";
		};
		CEDD9E971EF368B200764ADE /* YuJia08 */ = {
			isa = PBXGroup;
			children = (
				CEDD9E981EF368B200764ADE /* main.swift */,
				CEDD9E9F1EF370C300764ADE /* MyClasses.swift */,
				CEDD9EA11EF370F300764ADE /* MyYuJia.swift */,
			);
			path = YuJia08;
			sourceTree = "<group>";
		};
/* End PBXGroup section */

/* Begin PBXNativeTarget section */
		CEDD9E941EF368B200764ADE /* YuJia08 */ = {
			isa = PBXNativeTarget;
			buildConfigurationList = CEDD9E9C1EF368B200764ADE /* Build configuration list for PBXNativeTarget "YuJia08" */;
			buildPhases = (
				CEDD9E911EF368B200764ADE /* Sources */,
				CEDD9E921EF368B200764ADE /* Frameworks */,
				CEDD9E931EF368B200764ADE /* CopyFiles */,
			);
			buildRules = (
			);
			dependencies = (
			);
			name = YuJia08;
			productName = YuJia08;
			productReference = CEDD9E951EF368B200764ADE /* YuJia08 */;
			productType = "com.apple.product-type.tool";
		};
/* End PBXNativeTarget section */

/* Begin PBXProject section */
		CEDD9E8D1EF368B100764ADE /* Project object */ = {
			isa = PBXProject;
			attributes = {
				LastSwiftUpdateCheck = 0830;
				LastUpgradeCheck = 0830;
				ORGANIZATIONNAME = allen;
				TargetAttributes = {
					CEDD9E941EF368B200764ADE = {
						CreatedOnToolsVersion = 8.3.3;
						DevelopmentTeam = 386J46RYDZ;
						ProvisioningStyle = Automatic;
					};
				};
			};
			buildConfigurationList = CEDD9E901EF368B100764ADE /* Build configuration list for PBXProject "YuJia08" */;
			compatibilityVersion = "Xcode 3.2";
			developmentRegion = English;
			hasScannedForEncodings = 0;
			knownRegions = (
				en,
			);
			mainGroup = CEDD9E8C1EF368B100764ADE;
			productRefGroup = CEDD9E961EF368B200764ADE /* Products */;
			projectDirPath = "";
			projectRoot = "";
			targets = (
				CEDD9E941EF368B200764ADE /* YuJia08 */,
			);
		};
/* End PBXProject section */

/* Begin PBXSourcesBuildPhase section */
		CEDD9E911EF368B200764ADE /* Sources */ = {
			isa = PBXSourcesBuildPhase;
			buildActionMask = 2147483647;
			files = (
				CEDD9EA21EF370F300764ADE /* MyYuJia.swift in Sources */,
				CEDD9EA01EF370C300764ADE /* MyClasses.swift in Sources */,
				CEDD9E991EF368B200764ADE /* main.swift in Sources */,
			);
			runOnlyForDeploymentPostprocessing = 0;
		};
/* End PBXSourcesBuildPhase section */

/* Begin XCBuildConfiguration section */
		CEDD9E9A1EF368B200764ADE /* Debug */ = {
			isa = XCBuildConfiguration;
			buildSettings = {
				ALWAYS_SEARCH_USER_PATHS = NO;
				CLANG_ANALYZER_NONNULL = YES;
				CLANG_ANALYZER_NUMBER_OBJECT_CONVERSION = YES_AGGRESSIVE;
				CLANG_CXX_LANGUAGE_STANDARD = "gnu++0x";
				CLANG_CXX_LIBRARY = "libc++";
				CLANG_ENABLE_MODULES = YES;
				CLANG_ENABLE_OBJC_ARC = YES;
				CLANG_WARN_BOOL_CONVERSION = YES;
				CLANG_WARN_CONSTANT_CONVERSION = YES;
				CLANG_WARN_DIRECT_OBJC_ISA_USAGE = YES_ERROR;
				CLANG_WARN_DOCUMENTATION_COMMENTS = YES;
				CLANG_WARN_EMPTY_BODY = YES;
				CLANG_WARN_ENUM_CONVERSION = YES;
				CLANG_WARN_INFINITE_RECURSION = YES;
				CLANG_WARN_INT_CONVERSION = YES;
				CLANG_WARN_OBJC_ROOT_CLASS = YES_ERROR;
				CLANG_WARN_SUSPICIOUS_MOVE = YES;
				CLANG_WARN_UNREACHABLE_CODE = YES;
				CLANG_WARN__DUPLICATE_METHOD_MATCH = YES;
				CODE_SIGN_IDENTITY = "-";
				COPY_PHASE_STRIP = NO;
				DEBUG_INFORMATION_FORMAT = dwarf;
				ENABLE_STRICT_OBJC_MSGSEND = YES;
				ENABLE_TESTABILITY = YES;
				GCC_C_LANGUAGE_STANDARD = gnu99;
				GCC_DYNAMIC_NO_PIC = NO;
				GCC_NO_COMMON_BLOCKS = YES;
				GCC_OPTIMIZATION_LEVEL = 0;
				GCC_PREPROCESSOR_DEFINITIONS = (
					"DEBUG=1",
					"$(inherited)",
				);
				GCC_WARN_64_TO_32_BIT_CONVERSION = YES;
				GCC_WARN_ABOUT_RETURN_TYPE = YES_ERROR;
				GCC_WARN_UNDECLARED_SELECTOR = YES;
				GCC_WARN_UNINITIALIZED_AUTOS = YES_AGGRESSIVE;
				GCC_WARN_UNUSED_FUNCTION = YES;
				GCC_WARN_UNUSED_VARIABLE = YES;
				MACOSX_DEPLOYMENT_TARGET = 10.12;
				MTL_ENABLE_DEBUG_INFO = YES;
				ONLY_ACTIVE_ARCH = YES;
				SDKROOT = macosx;
				SWIFT_OPTIMIZATION_LEVEL = "-Onone";
			};
			name = Debug;
		};
		CEDD9E9B1EF368B200764ADE /* Release */ = {
			isa = XCBuildConfiguration;
			buildSettings = {
				ALWAYS_SEARCH_USER_PATHS = NO;
				CLANG_ANALYZER_NONNULL = YES;
				CLANG_ANALYZER_NUMBER_OBJECT_CONVERSION = YES_AGGRESSIVE;
				CLANG_CXX_LANGUAGE_STANDARD = "gnu++0x";
				CLANG_CXX_LIBRARY = "libc++";
				CLANG_ENABLE_MODULES = YES;
				CLANG_ENABLE_OBJC_ARC = YES;
				CLANG_WARN_BOOL_CONVERSION = YES;
				CLANG_WARN_CONSTANT_CONVERSION = YES;
				CLANG_WARN_DIRECT_OBJC_ISA_USAGE = YES_ERROR;
				CLANG_WARN_DOCUMENTATION_COMMENTS = YES;
				CLANG_WARN_EMPTY_BODY = YES;
				CLANG_WARN_ENUM_CONVERSION = YES;
				CLANG_WARN_INFINITE_RECURSION = YES;
				CLANG_WARN_INT_CONVERSION = YES;
				CLANG_WARN_OBJC_ROOT_CLASS = YES_ERROR;
				CLANG_WARN_SUSPICIOUS_MOVE = YES;
				CLANG_WARN_UNREACHABLE_CODE = YES;
				CLANG_WARN__DUPLICATE_METHOD_MATCH = YES;
				CODE_SIGN_IDENTITY = "-";
				COPY_PHASE_STRIP = NO;
				DEBUG_INFORMATION_FORMAT = "dwarf-with-dsym";
				ENABLE_NS_ASSERTIONS = NO;
				ENABLE_STRICT_OBJC_MSGSEND = YES;
				GCC_C_LANGUAGE_STANDARD = gnu99;
				GCC_NO_COMMON_BLOCKS = YES;
				GCC_WARN_64_TO_32_BIT_CONVERSION = YES;
				GCC_WARN_ABOUT_RETURN_TYPE = YES_ERROR;
				GCC_WARN_UNDECLARED_SELECTOR = YES;
				GCC_WARN_UNINITIALIZED_AUTOS = YES_AGGRESSIVE;
				GCC_WARN_UNUSED_FUNCTION = YES;
				GCC_WARN_UNUSED_VARIABLE = YES;
				MACOSX_DEPLOYMENT_TARGET = 10.12;
				MTL_ENABLE_DEBUG_INFO = NO;
				SDKROOT = macosx;
			};
			name = Release;
		};
		CEDD9E9D1EF368B200764ADE /* Debug */ = {
			isa = XCBuildConfiguration;
			buildSettings = {
				DEVELOPMENT_TEAM = 386J46RYDZ;
				PRODUCT_NAME = "$(TARGET_NAME)";
				SWIFT_VERSION = 3.0;
			};
			name = Debug;
		};
		CEDD9E9E1EF368B200764ADE /* Release */ = {
			isa = XCBuildConfiguration;
			buildSettings = {
				DEVELOPMENT_TEAM = 386J46RYDZ;
				PRODUCT_NAME = "$(TARGET_NAME)";
				SWIFT_VERSION = 3.0;
			};
			name = Release;
		};
/* End XCBuildConfiguration section */

/* Begin XCConfigurationList section */
		CEDD9E901EF368B100764ADE /* Build configuration list for PBXProject "YuJia08" */ = {
			isa = XCConfigurationList;
			buildConfigurations = (
				CEDD9E9A1EF368B200764ADE /* Debug */,
				CEDD9E9B1EF368B200764ADE /* Release */,
			);
			defaultConfigurationIsVisible = 0;
			defaultConfigurationName = Release;
		};
		CEDD9E9C1EF368B200764ADE /* Build configuration list for PBXNativeTarget "YuJia08" */ = {
			isa = XCConfigurationList;
			buildConfigurations = (
				CEDD9E9D1EF368B200764ADE /* Debug */,
				CEDD9E9E1EF368B200764ADE /* Release */,
			);
			defaultConfigurationIsVisible = 0;
		};
/* End XCConfigurationList section */
	};
	rootObject = CEDD9E8D1EF368B100764ADE /* Project object */;
}
